// !$*UTF8*$!
{
	archiveVersion = 1;
	classes = {
	};
	objectVersion = 46;
	objects = {

/* Begin PBXBuildFile section */
		643EB78A19DBE31400D65CC3 /* NOCircleDot.m in Sources */ = {isa = PBXBuildFile; fileRef = 643EB78919DBE31400D65CC3 /* NOCircleDot.m */; };
		643EB79119DD4AD500D65CC3 /* NOCircleDotConnection.m in Sources */ = {isa = PBXBuildFile; fileRef = 643EB79019DD4AD500D65CC3 /* NOCircleDotConnection.m */; };
		6463BB5519DAD8A50000C235 /* NOCircleSelectorTests.m in Sources */ = {isa = PBXBuildFile; fileRef = 6463BB5419DAD8A50000C235 /* NOCircleSelectorTests.m */; };
		6463BB6319DAD9600000C235 /* main.m in Sources */ = {isa = PBXBuildFile; fileRef = 6463BB6219DAD9600000C235 /* main.m */; };
		6463BB6519DAD9770000C235 /* Images.xcassets in Resources */ = {isa = PBXBuildFile; fileRef = 6463BB6419DAD9770000C235 /* Images.xcassets */; };
		6463BB6819DAD99B0000C235 /* LaunchScreen.xib in Resources */ = {isa = PBXBuildFile; fileRef = 6463BB6619DAD99B0000C235 /* LaunchScreen.xib */; };
		6463BB6B19DAD9B50000C235 /* ExampleViewController.m in Sources */ = {isa = PBXBuildFile; fileRef = 6463BB6A19DAD9B50000C235 /* ExampleViewController.m */; };
		6463BB6E19DAD9C10000C235 /* AppDelegate.m in Sources */ = {isa = PBXBuildFile; fileRef = 6463BB6D19DAD9C10000C235 /* AppDelegate.m */; };
		6463BB7219DADA620000C235 /* ExampleView.m in Sources */ = {isa = PBXBuildFile; fileRef = 6463BB7119DADA620000C235 /* ExampleView.m */; };
		6463BB7619DADBC60000C235 /* NOCircleSelector.m in Sources */ = {isa = PBXBuildFile; fileRef = 6463BB7519DADBC60000C235 /* NOCircleSelector.m */; };
/* End PBXBuildFile section */

/* Begin PBXContainerItemProxy section */
		6463BB4F19DAD8A50000C235 /* PBXContainerItemProxy */ = {
			isa = PBXContainerItemProxy;
			containerPortal = 6463BB2D19DAD8A50000C235 /* Project object */;
			proxyType = 1;
			remoteGlobalIDString = 6463BB3419DAD8A50000C235;
			remoteInfo = NOCircleSelector;
		};
/* End PBXContainerItemProxy section */

/* Begin PBXFileReference section */
		643EB78819DBE31400D65CC3 /* NOCircleDot.h */ = {isa = PBXFileReference; fileEncoding = 4; lastKnownFileType = sourcecode.c.h; path = NOCircleDot.h; sourceTree = "<group>"; };
		643EB78919DBE31400D65CC3 /* NOCircleDot.m */ = {isa = PBXFileReference; fileEncoding = 4; lastKnownFileType = sourcecode.c.objc; path = NOCircleDot.m; sourceTree = "<group>"; };
		643EB78F19DD4AD500D65CC3 /* NOCircleDotConnection.h */ = {isa = PBXFileReference; fileEncoding = 4; lastKnownFileType = sourcecode.c.h; path = NOCircleDotConnection.h; sourceTree = "<group>"; };
		643EB79019DD4AD500D65CC3 /* NOCircleDotConnection.m */ = {isa = PBXFileReference; fileEncoding = 4; lastKnownFileType = sourcecode.c.objc; path = NOCircleDotConnection.m; sourceTree = "<group>"; };
		6463BB3519DAD8A50000C235 /* NOCircleSelector.app */ = {isa = PBXFileReference; explicitFileType = wrapper.application; includeInIndex = 0; path = NOCircleSelector.app; sourceTree = BUILT_PRODUCTS_DIR; };
		6463BB4E19DAD8A50000C235 /* NOCircleSelectorTests.xctest */ = {isa = PBXFileReference; explicitFileType = wrapper.cfbundle; includeInIndex = 0; path = NOCircleSelectorTests.xctest; sourceTree = BUILT_PRODUCTS_DIR; };
		6463BB5319DAD8A50000C235 /* Info.plist */ = {isa = PBXFileReference; lastKnownFileType = text.plist.xml; path = Info.plist; sourceTree = "<group>"; };
		6463BB5419DAD8A50000C235 /* NOCircleSelectorTests.m */ = {isa = PBXFileReference; lastKnownFileType = sourcecode.c.objc; path = NOCircleSelectorTests.m; sourceTree = "<group>"; };
		6463BB6019DAD9570000C235 /* Info.plist */ = {isa = PBXFileReference; fileEncoding = 4; lastKnownFileType = text.plist.xml; name = Info.plist; path = Example/Info.plist; sourceTree = SOURCE_ROOT; };
		6463BB6219DAD9600000C235 /* main.m */ = {isa = PBXFileReference; fileEncoding = 4; lastKnownFileType = sourcecode.c.objc; name = main.m; path = Example/main.m; sourceTree = SOURCE_ROOT; };
		6463BB6419DAD9770000C235 /* Images.xcassets */ = {isa = PBXFileReference; lastKnownFileType = folder.assetcatalog; name = Images.xcassets; path = Example/Resources/Images.xcassets; sourceTree = SOURCE_ROOT; };
		6463BB6719DAD99B0000C235 /* Base */ = {isa = PBXFileReference; lastKnownFileType = file.xib; name = Base; path = Example/Base.lproj/LaunchScreen.xib; sourceTree = SOURCE_ROOT; };
		6463BB6919DAD9B50000C235 /* ExampleViewController.h */ = {isa = PBXFileReference; fileEncoding = 4; lastKnownFileType = sourcecode.c.h; name = ExampleViewController.h; path = Example/Controllers/ExampleViewController.h; sourceTree = SOURCE_ROOT; };
		6463BB6A19DAD9B50000C235 /* ExampleViewController.m */ = {isa = PBXFileReference; fileEncoding = 4; lastKnownFileType = sourcecode.c.objc; name = ExampleViewController.m; path = Example/Controllers/ExampleViewController.m; sourceTree = SOURCE_ROOT; };
		6463BB6C19DAD9C10000C235 /* AppDelegate.h */ = {isa = PBXFileReference; fileEncoding = 4; lastKnownFileType = sourcecode.c.h; name = AppDelegate.h; path = Example/AppDelegate.h; sourceTree = SOURCE_ROOT; };
		6463BB6D19DAD9C10000C235 /* AppDelegate.m */ = {isa = PBXFileReference; fileEncoding = 4; lastKnownFileType = sourcecode.c.objc; name = AppDelegate.m; path = Example/AppDelegate.m; sourceTree = SOURCE_ROOT; };
		6463BB7019DADA620000C235 /* ExampleView.h */ = {isa = PBXFileReference; fileEncoding = 4; lastKnownFileType = sourcecode.c.h; name = ExampleView.h; path = Example/Views/ExampleView.h; sourceTree = SOURCE_ROOT; };
		6463BB7119DADA620000C235 /* ExampleView.m */ = {isa = PBXFileReference; fileEncoding = 4; lastKnownFileType = sourcecode.c.objc; name = ExampleView.m; path = Example/Views/ExampleView.m; sourceTree = SOURCE_ROOT; };
		6463BB7419DADBC60000C235 /* NOCircleSelector.h */ = {isa = PBXFileReference; fileEncoding = 4; lastKnownFileType = sourcecode.c.h; path = NOCircleSelector.h; sourceTree = "<group>"; };
		6463BB7519DADBC60000C235 /* NOCircleSelector.m */ = {isa = PBXFileReference; fileEncoding = 4; lastKnownFileType = sourcecode.c.objc; path = NOCircleSelector.m; sourceTree = "<group>"; };
/* End PBXFileReference section */

/* Begin PBXFrameworksBuildPhase section */
		6463BB3219DAD8A50000C235 /* Frameworks */ = {
			isa = PBXFrameworksBuildPhase;
			buildActionMask = 2147483647;
			files = (
			);
			runOnlyForDeploymentPostprocessing = 0;
		};
		6463BB4B19DAD8A50000C235 /* Frameworks */ = {
			isa = PBXFrameworksBuildPhase;
			buildActionMask = 2147483647;
			files = (
			);
			runOnlyForDeploymentPostprocessing = 0;
		};
/* End PBXFrameworksBuildPhase section */

/* Begin PBXGroup section */
		6463BB2C19DAD8A50000C235 = {
			isa = PBXGroup;
			children = (
				6463BB3719DAD8A50000C235 /* NOCircleSelector */,
				6463BB5119DAD8A50000C235 /* NOCircleSelectorTests */,
				6463BB3619DAD8A50000C235 /* Products */,
			);
			sourceTree = "<group>";
		};
		6463BB3619DAD8A50000C235 /* Products */ = {
			isa = PBXGroup;
			children = (
				6463BB3519DAD8A50000C235 /* NOCircleSelector.app */,
				6463BB4E19DAD8A50000C235 /* NOCircleSelectorTests.xctest */,
			);
			name = Products;
			sourceTree = "<group>";
		};
		6463BB3719DAD8A50000C235 /* NOCircleSelector */ = {
			isa = PBXGroup;
			children = (
				6463BB6C19DAD9C10000C235 /* AppDelegate.h */,
				6463BB6D19DAD9C10000C235 /* AppDelegate.m */,
				6463BB7319DADB2F0000C235 /* NOCircleSelector */,
				6463BB5F19DAD8C30000C235 /* Example */,
				6463BB5E19DAD8B80000C235 /* Resources */,
				6463BB3819DAD8A50000C235 /* Supporting Files */,
			);
			path = NOCircleSelector;
			sourceTree = "<group>";
		};
		6463BB3819DAD8A50000C235 /* Supporting Files */ = {
			isa = PBXGroup;
			children = (
				6463BB6019DAD9570000C235 /* Info.plist */,
				6463BB6219DAD9600000C235 /* main.m */,
			);
			name = "Supporting Files";
			sourceTree = "<group>";
		};
		6463BB5119DAD8A50000C235 /* NOCircleSelectorTests */ = {
			isa = PBXGroup;
			children = (
				6463BB5419DAD8A50000C235 /* NOCircleSelectorTests.m */,
				6463BB5219DAD8A50000C235 /* Supporting Files */,
			);
			path = NOCircleSelectorTests;
			sourceTree = "<group>";
		};
		6463BB5219DAD8A50000C235 /* Supporting Files */ = {
			isa = PBXGroup;
			children = (
				6463BB5319DAD8A50000C235 /* Info.plist */,
			);
			name = "Supporting Files";
			sourceTree = "<group>";
		};
		6463BB5E19DAD8B80000C235 /* Resources */ = {
			isa = PBXGroup;
			children = (
				6463BB6619DAD99B0000C235 /* LaunchScreen.xib */,
				6463BB6419DAD9770000C235 /* Images.xcassets */,
			);
			name = Resources;
			sourceTree = "<group>";
		};
		6463BB5F19DAD8C30000C235 /* Example */ = {
			isa = PBXGroup;
			children = (
				6463BB6F19DADA4A0000C235 /* Views */,
				6463BB6919DAD9B50000C235 /* ExampleViewController.h */,
				6463BB6A19DAD9B50000C235 /* ExampleViewController.m */,
			);
			name = Example;
			sourceTree = "<group>";
		};
		6463BB6F19DADA4A0000C235 /* Views */ = {
			isa = PBXGroup;
			children = (
				6463BB7019DADA620000C235 /* ExampleView.h */,
				6463BB7119DADA620000C235 /* ExampleView.m */,
			);
			name = Views;
			sourceTree = "<group>";
		};
		6463BB7319DADB2F0000C235 /* NOCircleSelector */ = {
			isa = PBXGroup;
			children = (
				6463BB7419DADBC60000C235 /* NOCircleSelector.h */,
				6463BB7519DADBC60000C235 /* NOCircleSelector.m */,
				643EB78819DBE31400D65CC3 /* NOCircleDot.h */,
				643EB78919DBE31400D65CC3 /* NOCircleDot.m */,
				643EB78F19DD4AD500D65CC3 /* NOCircleDotConnection.h */,
				643EB79019DD4AD500D65CC3 /* NOCircleDotConnection.m */,
			);
			name = NOCircleSelector;
			sourceTree = "<group>";
		};
/* End PBXGroup section */

/* Begin PBXNativeTarget section */
		6463BB3419DAD8A50000C235 /* NOCircleSelector */ = {
			isa = PBXNativeTarget;
			buildConfigurationList = 6463BB5819DAD8A50000C235 /* Build configuration list for PBXNativeTarget "NOCircleSelector" */;
			buildPhases = (
				6463BB3119DAD8A50000C235 /* Sources */,
				6463BB3219DAD8A50000C235 /* Frameworks */,
				6463BB3319DAD8A50000C235 /* Resources */,
				OBJCLEANCUSTOMRUNSCRIPTT /* Objective-Clean Run Script */,
			);
			buildRules = (
			);
			dependencies = (
			);
			name = NOCircleSelector;
			productName = NOCircleSelector;
			productReference = 6463BB3519DAD8A50000C235 /* NOCircleSelector.app */;
			productType = "com.apple.product-type.application";
		};
		6463BB4D19DAD8A50000C235 /* NOCircleSelectorTests */ = {
			isa = PBXNativeTarget;
			buildConfigurationList = 6463BB5B19DAD8A50000C235 /* Build configuration list for PBXNativeTarget "NOCircleSelectorTests" */;
			buildPhases = (
				6463BB4A19DAD8A50000C235 /* Sources */,
				6463BB4B19DAD8A50000C235 /* Frameworks */,
				6463BB4C19DAD8A50000C235 /* Resources */,
			);
			buildRules = (
			);
			dependencies = (
				6463BB5019DAD8A50000C235 /* PBXTargetDependency */,
			);
			name = NOCircleSelectorTests;
			productName = NOCircleSelectorTests;
			productReference = 6463BB4E19DAD8A50000C235 /* NOCircleSelectorTests.xctest */;
			productType = "com.apple.product-type.bundle.unit-test";
		};
/* End PBXNativeTarget section */

/* Begin PBXProject section */
		6463BB2D19DAD8A50000C235 /* Project object */ = {
			isa = PBXProject;
			attributes = {
				LastUpgradeCheck = 0600;
				ORGANIZATIONNAME = PifPaf;
				TargetAttributes = {
					6463BB3419DAD8A50000C235 = {
						CreatedOnToolsVersion = 6.0.1;
					};
					6463BB4D19DAD8A50000C235 = {
						CreatedOnToolsVersion = 6.0.1;
						TestTargetID = 6463BB3419DAD8A50000C235;
					};
				};
			};
			buildConfigurationList = 6463BB3019DAD8A50000C235 /* Build configuration list for PBXProject "NOCircleSelector" */;
			compatibilityVersion = "Xcode 3.2";
			developmentRegion = English;
			hasScannedForEncodings = 0;
			knownRegions = (
				en,
				Base,
			);
			mainGroup = 6463BB2C19DAD8A50000C235;
			productRefGroup = 6463BB3619DAD8A50000C235 /* Products */;
			projectDirPath = "";
			projectRoot = "";
			targets = (
				6463BB3419DAD8A50000C235 /* NOCircleSelector */,
				6463BB4D19DAD8A50000C235 /* NOCircleSelectorTests */,
			);
		};
/* End PBXProject section */

/* Begin PBXResourcesBuildPhase section */
		6463BB3319DAD8A50000C235 /* Resources */ = {
			isa = PBXResourcesBuildPhase;
			buildActionMask = 2147483647;
			files = (
				6463BB6519DAD9770000C235 /* Images.xcassets in Resources */,
				6463BB6819DAD99B0000C235 /* LaunchScreen.xib in Resources */,
			);
			runOnlyForDeploymentPostprocessing = 0;
		};
		6463BB4C19DAD8A50000C235 /* Resources */ = {
			isa = PBXResourcesBuildPhase;
			buildActionMask = 2147483647;
			files = (
			);
			runOnlyForDeploymentPostprocessing = 0;
		};
/* End PBXResourcesBuildPhase section */

/* Begin PBXShellScriptBuildPhase section */
		OBJCLEANCUSTOMRUNSCRIPTT /* Objective-Clean Run Script */ = {
			isa = PBXShellScriptBuildPhase;
			buildActionMask = 2147483647;
			files = (
			);
			inputPaths = (
			);
			name = "Objective-Clean Run Script";
			outputPaths = (
			);
			runOnlyForDeploymentPostprocessing = 0;
			shellPath = /bin/bash;
			shellScript = "if [[ -z ${SKIP_OBJCLEAN} || ${SKIP_OBJCLEAN} != 1 ]]; then\nif [[ -d \"${LOCAL_APPS_DIR}/Objective-Clean.app\" ]]; then \n\"${LOCAL_APPS_DIR}\"/Objective-Clean.app/Contents/Resources/ObjClean.app/Contents/MacOS/ObjClean \"${SRCROOT}\" \nelse\necho \"warning: You have to install and set up Objective-Clean to use its features!\" \nfi\nfi";
		};
/* End PBXShellScriptBuildPhase section */

/* Begin PBXSourcesBuildPhase section */
		6463BB3119DAD8A50000C235 /* Sources */ = {
			isa = PBXSourcesBuildPhase;
			buildActionMask = 2147483647;
			files = (
				643EB78A19DBE31400D65CC3 /* NOCircleDot.m in Sources */,
				6463BB7619DADBC60000C235 /* NOCircleSelector.m in Sources */,
				643EB79119DD4AD500D65CC3 /* NOCircleDotConnection.m in Sources */,
				6463BB6E19DAD9C10000C235 /* AppDelegate.m in Sources */,
				6463BB6B19DAD9B50000C235 /* ExampleViewController.m in Sources */,
				6463BB6319DAD9600000C235 /* main.m in Sources */,
				6463BB7219DADA620000C235 /* ExampleView.m in Sources */,
			);
			runOnlyForDeploymentPostprocessing = 0;
		};
		6463BB4A19DAD8A50000C235 /* Sources */ = {
			isa = PBXSourcesBuildPhase;
			buildActionMask = 2147483647;
			files = (
				6463BB5519DAD8A50000C235 /* NOCircleSelectorTests.m in Sources */,
			);
			runOnlyForDeploymentPostprocessing = 0;
		};
/* End PBXSourcesBuildPhase section */

/* Begin PBXTargetDependency section */
		6463BB5019DAD8A50000C235 /* PBXTargetDependency */ = {
			isa = PBXTargetDependency;
			target = 6463BB3419DAD8A50000C235 /* NOCircleSelector */;
			targetProxy = 6463BB4F19DAD8A50000C235 /* PBXContainerItemProxy */;
		};
/* End PBXTargetDependency section */

/* Begin PBXVariantGroup section */
		6463BB6619DAD99B0000C235 /* LaunchScreen.xib */ = {
			isa = PBXVariantGroup;
			children = (
				6463BB6719DAD99B0000C235 /* Base */,
			);
			name = LaunchScreen.xib;
			sourceTree = "<group>";
		};
/* End PBXVariantGroup section */

/* Begin XCBuildConfiguration section */
		6463BB5619DAD8A50000C235 /* Debug */ = {
			isa = XCBuildConfiguration;
			buildSettings = {
				ALWAYS_SEARCH_USER_PATHS = NO;
				CLANG_CXX_LANGUAGE_STANDARD = "gnu++0x";
				CLANG_CXX_LIBRARY = "libc++";
				CLANG_ENABLE_MODULES = YES;
				CLANG_ENABLE_OBJC_ARC = YES;
				CLANG_WARN_BOOL_CONVERSION = YES;
				CLANG_WARN_CONSTANT_CONVERSION = YES;
				CLANG_WARN_DIRECT_OBJC_ISA_USAGE = YES_ERROR;
				CLANG_WARN_EMPTY_BODY = YES;
				CLANG_WARN_ENUM_CONVERSION = YES;
				CLANG_WARN_INT_CONVERSION = YES;
				CLANG_WARN_OBJC_ROOT_CLASS = YES_ERROR;
				CLANG_WARN_UNREACHABLE_CODE = YES;
				CLANG_WARN__DUPLICATE_METHOD_MATCH = YES;
				"CODE_SIGN_IDENTITY[sdk=iphoneos*]" = "iPhone Developer";
				COPY_PHASE_STRIP = NO;
				ENABLE_STRICT_OBJC_MSGSEND = YES;
				GCC_C_LANGUAGE_STANDARD = gnu99;
				GCC_DYNAMIC_NO_PIC = NO;
				GCC_OPTIMIZATION_LEVEL = 0;
				GCC_PREPROCESSOR_DEFINITIONS = (
					"DEBUG=1",
					"$(inherited)",
				);
				GCC_SYMBOLS_PRIVATE_EXTERN = NO;
				GCC_WARN_64_TO_32_BIT_CONVERSION = YES;
				GCC_WARN_ABOUT_RETURN_TYPE = YES_ERROR;
				GCC_WARN_UNDECLARED_SELECTOR = YES;
				GCC_WARN_UNINITIALIZED_AUTOS = YES_AGGRESSIVE;
				GCC_WARN_UNUSED_FUNCTION = YES;
				GCC_WARN_UNUSED_VARIABLE = YES;
				IPHONEOS_DEPLOYMENT_TARGET = 8.0;
				MTL_ENABLE_DEBUG_INFO = YES;
				ONLY_ACTIVE_ARCH = YES;
				SDKROOT = iphoneos;
				TARGETED_DEVICE_FAMILY = "1,2";
			};
			name = Debug;
		};
		6463BB5719DAD8A50000C235 /* Release */ = {
			isa = XCBuildConfiguration;
			buildSettings = {
				ALWAYS_SEARCH_USER_PATHS = NO;
				CLANG_CXX_LANGUAGE_STANDARD = "gnu++0x";
				CLANG_CXX_LIBRARY = "libc++";
				CLANG_ENABLE_MODULES = YES;
				CLANG_ENABLE_OBJC_ARC = YES;
				CLANG_WARN_BOOL_CONVERSION = YES;
				CLANG_WARN_CONSTANT_CONVERSION = YES;
				CLANG_WARN_DIRECT_OBJC_ISA_USAGE = YES_ERROR;
				CLANG_WARN_EMPTY_BODY = YES;
				CLANG_WARN_ENUM_CONVERSION = YES;
				CLANG_WARN_INT_CONVERSION = YES;
				CLANG_WARN_OBJC_ROOT_CLASS = YES_ERROR;
				CLANG_WARN_UNREACHABLE_CODE = YES;
				CLANG_WARN__DUPLICATE_METHOD_MATCH = YES;
				"CODE_SIGN_IDENTITY[sdk=iphoneos*]" = "iPhone Developer";
				COPY_PHASE_STRIP = YES;
				ENABLE_NS_ASSERTIONS = NO;
				ENABLE_STRICT_OBJC_MSGSEND = YES;
				GCC_C_LANGUAGE_STANDARD = gnu99;
				GCC_WARN_64_TO_32_BIT_CONVERSION = YES;
				GCC_WARN_ABOUT_RETURN_TYPE = YES_ERROR;
				GCC_WARN_UNDECLARED_SELECTOR = YES;
				GCC_WARN_UNINITIALIZED_AUTOS = YES_AGGRESSIVE;
				GCC_WARN_UNUSED_FUNCTION = YES;
				GCC_WARN_UNUSED_VARIABLE = YES;
				IPHONEOS_DEPLOYMENT_TARGET = 8.0;
				MTL_ENABLE_DEBUG_INFO = NO;
				SDKROOT = iphoneos;
				TARGETED_DEVICE_FAMILY = "1,2";
				VALIDATE_PRODUCT = YES;
			};
			name = Release;
		};
		6463BB5919DAD8A50000C235 /* Debug */ = {
			isa = XCBuildConfiguration;
			buildSettings = {
				ASSETCATALOG_COMPILER_APPICON_NAME = AppIcon;
				INFOPLIST_FILE = "$(SRCROOT)/Example/Info.plist";
				LD_RUNPATH_SEARCH_PATHS = "$(inherited) @executable_path/Frameworks";
				PRODUCT_NAME = "$(TARGET_NAME)";
			};
			name = Debug;
		};
		6463BB5A19DAD8A50000C235 /* Release */ = {
			isa = XCBuildConfiguration;
			buildSettings = {
				ASSETCATALOG_COMPILER_APPICON_NAME = AppIcon;
				INFOPLIST_FILE = "$(SRCROOT)/Example/Info.plist";
				LD_RUNPATH_SEARCH_PATHS = "$(inherited) @executable_path/Frameworks";
				PRODUCT_NAME = "$(TARGET_NAME)";
			};
			name = Release;
		};
		6463BB5C19DAD8A50000C235 /* Debug */ = {
			isa = XCBuildConfiguration;
			buildSettings = {
				BUNDLE_LOADER = "$(TEST_HOST)";
				FRAMEWORK_SEARCH_PATHS = (
					"$(SDKROOT)/Developer/Library/Frameworks",
					"$(inherited)",
				);
				GCC_PREPROCESSOR_DEFINITIONS = (
					"DEBUG=1",
					"$(inherited)",
				);
				INFOPLIST_FILE = NOCircleSelectorTests/Info.plist;
				LD_RUNPATH_SEARCH_PATHS = "$(inherited) @executable_path/Frameworks @loader_path/Frameworks";
				PRODUCT_NAME = "$(TARGET_NAME)";
				TEST_HOST = "$(BUILT_PRODUCTS_DIR)/NOCircleSelector.app/NOCircleSelector";
			};
			name = Debug;
		};
		6463BB5D19DAD8A50000C235 /* Release */ = {
			isa = XCBuildConfiguration;
			buildSettings = {
				BUNDLE_LOADER = "$(TEST_HOST)";
				FRAMEWORK_SEARCH_PATHS = (
					"$(SDKROOT)/Developer/Library/Frameworks",
					"$(inherited)",
				);
				INFOPLIST_FILE = NOCircleSelectorTests/Info.plist;
				LD_RUNPATH_SEARCH_PATHS = "$(inherited) @executable_path/Frameworks @loader_path/Frameworks";
				PRODUCT_NAME = "$(TARGET_NAME)";
				TEST_HOST = "$(BUILT_PRODUCTS_DIR)/NOCircleSelector.app/NOCircleSelector";
			};
			name = Release;
		};
/* End XCBuildConfiguration section */

/* Begin XCConfigurationList section */
		6463BB3019DAD8A50000C235 /* Build configuration list for PBXProject "NOCircleSelector" */ = {
			isa = XCConfigurationList;
			buildConfigurations = (
				6463BB5619DAD8A50000C235 /* Debug */,
				6463BB5719DAD8A50000C235 /* Release */,
			);
			defaultConfigurationIsVisible = 0;
			defaultConfigurationName = Release;
		};
		6463BB5819DAD8A50000C235 /* Build configuration list for PBXNativeTarget "NOCircleSelector" */ = {
			isa = XCConfigurationList;
			buildConfigurations = (
				6463BB5919DAD8A50000C235 /* Debug */,
				6463BB5A19DAD8A50000C235 /* Release */,
			);
			defaultConfigurationIsVisible = 0;
			defaultConfigurationName = Release;
		};
		6463BB5B19DAD8A50000C235 /* Build configuration list for PBXNativeTarget "NOCircleSelectorTests" */ = {
			isa = XCConfigurationList;
			buildConfigurations = (
				6463BB5C19DAD8A50000C235 /* Debug */,
				6463BB5D19DAD8A50000C235 /* Release */,
			);
			defaultConfigurationIsVisible = 0;
			defaultConfigurationName = Release;
		};
/* End XCConfigurationList section */
	};
	rootObject = 6463BB2D19DAD8A50000C235 /* Project object */;
}
