// !$*UTF8*$!
{
	archiveVersion = 1;
	classes = {
	};
	objectVersion = 46;
	objects = {

/* Begin PBXBuildFile section */
		64027E701A84F9E100191956 /* NOSELMath.m in Sources */ = {isa = PBXBuildFile; fileRef = 64027E6F1A84F9E100191956 /* NOSELMath.m */; };
		641FEF0D19EBC42C00DDDFCF /* NOSELExampleCircleDot.m in Sources */ = {isa = PBXBuildFile; fileRef = 641FEF0C19EBC42C00DDDFCF /* NOSELExampleCircleDot.m */; };
		643EB78A19DBE31400D65CC3 /* NOSELCircleDot.m in Sources */ = {isa = PBXBuildFile; fileRef = 643EB78919DBE31400D65CC3 /* NOSELCircleDot.m */; };
		643EB79119DD4AD500D65CC3 /* NOSELCircleDotConnection.m in Sources */ = {isa = PBXBuildFile; fileRef = 643EB79019DD4AD500D65CC3 /* NOSELCircleDotConnection.m */; };
		6463BB5519DAD8A50000C235 /* NOCircleSelectorTests.m in Sources */ = {isa = PBXBuildFile; fileRef = 6463BB5419DAD8A50000C235 /* NOCircleSelectorTests.m */; };
		6463BB6319DAD9600000C235 /* main.m in Sources */ = {isa = PBXBuildFile; fileRef = 6463BB6219DAD9600000C235 /* main.m */; };
		6463BB6519DAD9770000C235 /* Images.xcassets in Resources */ = {isa = PBXBuildFile; fileRef = 6463BB6419DAD9770000C235 /* Images.xcassets */; };
		6463BB6819DAD99B0000C235 /* LaunchScreen.xib in Resources */ = {isa = PBXBuildFile; fileRef = 6463BB6619DAD99B0000C235 /* LaunchScreen.xib */; };
		6463BB6B19DAD9B50000C235 /* NOSELExampleViewController.m in Sources */ = {isa = PBXBuildFile; fileRef = 6463BB6A19DAD9B50000C235 /* NOSELExampleViewController.m */; };
		6463BB6E19DAD9C10000C235 /* NOSELAppDelegate.m in Sources */ = {isa = PBXBuildFile; fileRef = 6463BB6D19DAD9C10000C235 /* NOSELAppDelegate.m */; };
		6463BB7219DADA620000C235 /* NOSELExampleView.m in Sources */ = {isa = PBXBuildFile; fileRef = 6463BB7119DADA620000C235 /* NOSELExampleView.m */; };
		6463BB7619DADBC60000C235 /* NOSELCircleSelector.m in Sources */ = {isa = PBXBuildFile; fileRef = 6463BB7519DADBC60000C235 /* NOSELCircleSelector.m */; };
		64C3C66319E404FB00BD5AA4 /* QuartzCore.framework in Frameworks */ = {isa = PBXBuildFile; fileRef = 64C3C66219E404FB00BD5AA4 /* QuartzCore.framework */; };
		64C3C66719E4A2B400BD5AA4 /* NOSELAdvancedExampleViewController.m in Sources */ = {isa = PBXBuildFile; fileRef = 64C3C66619E4A2B400BD5AA4 /* NOSELAdvancedExampleViewController.m */; };
		64C3C66A19E4A31F00BD5AA4 /* NOSELAdvancedExampleView.m in Sources */ = {isa = PBXBuildFile; fileRef = 64C3C66919E4A31F00BD5AA4 /* NOSELAdvancedExampleView.m */; };
		91F612FB6AB28DD22CF8B016 /* libPods.a in Frameworks */ = {isa = PBXBuildFile; fileRef = AF75139B998A2A9AF3332F74 /* libPods.a */; };
		D604751F2654B79E6B46FCBF /* libPods-NOCircleSelectorTests.a in Frameworks */ = {isa = PBXBuildFile; fileRef = CE149F4253931CE15894E2BB /* libPods-NOCircleSelectorTests.a */; };
/* End PBXBuildFile section */

/* Begin PBXContainerItemProxy section */
		6463BB4F19DAD8A50000C235 /* PBXContainerItemProxy */ = {
			isa = PBXContainerItemProxy;
			containerPortal = 6463BB2D19DAD8A50000C235 /* Project object */;
			proxyType = 1;
			remoteGlobalIDString = 6463BB3419DAD8A50000C235;
			remoteInfo = NOCircleSelector;
		};
/* End PBXContainerItemProxy section */

/* Begin PBXFileReference section */
		083094847B1656A187122AC4 /* Pods.release.xcconfig */ = {isa = PBXFileReference; includeInIndex = 1; lastKnownFileType = text.xcconfig; name = Pods.release.xcconfig; path = "Pods/Target Support Files/Pods/Pods.release.xcconfig"; sourceTree = "<group>"; };
		64027E6E1A84F9E100191956 /* NOSELMath.h */ = {isa = PBXFileReference; fileEncoding = 4; lastKnownFileType = sourcecode.c.h; path = NOSELMath.h; sourceTree = "<group>"; };
		64027E6F1A84F9E100191956 /* NOSELMath.m */ = {isa = PBXFileReference; fileEncoding = 4; lastKnownFileType = sourcecode.c.objc; path = NOSELMath.m; sourceTree = "<group>"; };
		641FEF0B19EBC42C00DDDFCF /* NOSELExampleCircleDot.h */ = {isa = PBXFileReference; fileEncoding = 4; lastKnownFileType = sourcecode.c.h; name = NOSELExampleCircleDot.h; path = Example/Views/NOSELExampleCircleDot.h; sourceTree = SOURCE_ROOT; };
		641FEF0C19EBC42C00DDDFCF /* NOSELExampleCircleDot.m */ = {isa = PBXFileReference; fileEncoding = 4; lastKnownFileType = sourcecode.c.objc; name = NOSELExampleCircleDot.m; path = Example/Views/NOSELExampleCircleDot.m; sourceTree = SOURCE_ROOT; };
		643EB78819DBE31400D65CC3 /* NOSELCircleDot.h */ = {isa = PBXFileReference; fileEncoding = 4; lastKnownFileType = sourcecode.c.h; path = NOSELCircleDot.h; sourceTree = "<group>"; };
		643EB78919DBE31400D65CC3 /* NOSELCircleDot.m */ = {isa = PBXFileReference; fileEncoding = 4; lastKnownFileType = sourcecode.c.objc; path = NOSELCircleDot.m; sourceTree = "<group>"; };
		643EB78F19DD4AD500D65CC3 /* NOSELCircleDotConnection.h */ = {isa = PBXFileReference; fileEncoding = 4; lastKnownFileType = sourcecode.c.h; path = NOSELCircleDotConnection.h; sourceTree = "<group>"; };
		643EB79019DD4AD500D65CC3 /* NOSELCircleDotConnection.m */ = {isa = PBXFileReference; fileEncoding = 4; lastKnownFileType = sourcecode.c.objc; path = NOSELCircleDotConnection.m; sourceTree = "<group>"; };
		6463BB3519DAD8A50000C235 /* NOCircleSelector.app */ = {isa = PBXFileReference; explicitFileType = wrapper.application; includeInIndex = 0; path = NOCircleSelector.app; sourceTree = BUILT_PRODUCTS_DIR; };
		6463BB4E19DAD8A50000C235 /* NOCircleSelectorTests.xctest */ = {isa = PBXFileReference; explicitFileType = wrapper.cfbundle; includeInIndex = 0; path = NOCircleSelectorTests.xctest; sourceTree = BUILT_PRODUCTS_DIR; };
		6463BB5319DAD8A50000C235 /* Info.plist */ = {isa = PBXFileReference; lastKnownFileType = text.plist.xml; path = Info.plist; sourceTree = "<group>"; };
		6463BB5419DAD8A50000C235 /* NOCircleSelectorTests.m */ = {isa = PBXFileReference; lastKnownFileType = sourcecode.c.objc; path = NOCircleSelectorTests.m; sourceTree = "<group>"; };
		6463BB6019DAD9570000C235 /* Info.plist */ = {isa = PBXFileReference; fileEncoding = 4; lastKnownFileType = text.plist.xml; name = Info.plist; path = Example/Info.plist; sourceTree = SOURCE_ROOT; };
		6463BB6219DAD9600000C235 /* main.m */ = {isa = PBXFileReference; fileEncoding = 4; lastKnownFileType = sourcecode.c.objc; name = main.m; path = Example/main.m; sourceTree = SOURCE_ROOT; };
		6463BB6419DAD9770000C235 /* Images.xcassets */ = {isa = PBXFileReference; lastKnownFileType = folder.assetcatalog; name = Images.xcassets; path = Example/Resources/Images.xcassets; sourceTree = SOURCE_ROOT; };
		6463BB6719DAD99B0000C235 /* Base */ = {isa = PBXFileReference; lastKnownFileType = file.xib; name = Base; path = Example/Base.lproj/LaunchScreen.xib; sourceTree = SOURCE_ROOT; };
		6463BB6919DAD9B50000C235 /* NOSELExampleViewController.h */ = {isa = PBXFileReference; fileEncoding = 4; lastKnownFileType = sourcecode.c.h; name = NOSELExampleViewController.h; path = Example/Controllers/NOSELExampleViewController.h; sourceTree = SOURCE_ROOT; };
		6463BB6A19DAD9B50000C235 /* NOSELExampleViewController.m */ = {isa = PBXFileReference; fileEncoding = 4; lastKnownFileType = sourcecode.c.objc; name = NOSELExampleViewController.m; path = Example/Controllers/NOSELExampleViewController.m; sourceTree = SOURCE_ROOT; };
		6463BB6C19DAD9C10000C235 /* NOSELAppDelegate.h */ = {isa = PBXFileReference; fileEncoding = 4; lastKnownFileType = sourcecode.c.h; name = NOSELAppDelegate.h; path = Example/NOSELAppDelegate.h; sourceTree = SOURCE_ROOT; };
		6463BB6D19DAD9C10000C235 /* NOSELAppDelegate.m */ = {isa = PBXFileReference; fileEncoding = 4; lastKnownFileType = sourcecode.c.objc; name = NOSELAppDelegate.m; path = Example/NOSELAppDelegate.m; sourceTree = SOURCE_ROOT; };
		6463BB7019DADA620000C235 /* NOSELExampleView.h */ = {isa = PBXFileReference; fileEncoding = 4; lastKnownFileType = sourcecode.c.h; name = NOSELExampleView.h; path = Example/Views/NOSELExampleView.h; sourceTree = SOURCE_ROOT; };
		6463BB7119DADA620000C235 /* NOSELExampleView.m */ = {isa = PBXFileReference; fileEncoding = 4; lastKnownFileType = sourcecode.c.objc; name = NOSELExampleView.m; path = Example/Views/NOSELExampleView.m; sourceTree = SOURCE_ROOT; };
		6463BB7419DADBC60000C235 /* NOSELCircleSelector.h */ = {isa = PBXFileReference; fileEncoding = 4; lastKnownFileType = sourcecode.c.h; path = NOSELCircleSelector.h; sourceTree = "<group>"; };
		6463BB7519DADBC60000C235 /* NOSELCircleSelector.m */ = {isa = PBXFileReference; fileEncoding = 4; lastKnownFileType = sourcecode.c.objc; path = NOSELCircleSelector.m; sourceTree = "<group>"; };
		64C3C66219E404FB00BD5AA4 /* QuartzCore.framework */ = {isa = PBXFileReference; lastKnownFileType = wrapper.framework; name = QuartzCore.framework; path = System/Library/Frameworks/QuartzCore.framework; sourceTree = SDKROOT; };
		64C3C66519E4A2B400BD5AA4 /* NOSELAdvancedExampleViewController.h */ = {isa = PBXFileReference; fileEncoding = 4; lastKnownFileType = sourcecode.c.h; name = NOSELAdvancedExampleViewController.h; path = Example/Controllers/NOSELAdvancedExampleViewController.h; sourceTree = SOURCE_ROOT; };
		64C3C66619E4A2B400BD5AA4 /* NOSELAdvancedExampleViewController.m */ = {isa = PBXFileReference; fileEncoding = 4; lastKnownFileType = sourcecode.c.objc; name = NOSELAdvancedExampleViewController.m; path = Example/Controllers/NOSELAdvancedExampleViewController.m; sourceTree = SOURCE_ROOT; };
		64C3C66819E4A31F00BD5AA4 /* NOSELAdvancedExampleView.h */ = {isa = PBXFileReference; fileEncoding = 4; lastKnownFileType = sourcecode.c.h; name = NOSELAdvancedExampleView.h; path = Example/Views/NOSELAdvancedExampleView.h; sourceTree = SOURCE_ROOT; };
		64C3C66919E4A31F00BD5AA4 /* NOSELAdvancedExampleView.m */ = {isa = PBXFileReference; fileEncoding = 4; lastKnownFileType = sourcecode.c.objc; name = NOSELAdvancedExampleView.m; path = Example/Views/NOSELAdvancedExampleView.m; sourceTree = SOURCE_ROOT; };
		AC3FC309873E46BF9D72DCD9 /* Pods-NOCircleSelectorTests.debug.xcconfig */ = {isa = PBXFileReference; includeInIndex = 1; lastKnownFileType = text.xcconfig; name = "Pods-NOCircleSelectorTests.debug.xcconfig"; path = "Pods/Target Support Files/Pods-NOCircleSelectorTests/Pods-NOCircleSelectorTests.debug.xcconfig"; sourceTree = "<group>"; };
		AF75139B998A2A9AF3332F74 /* libPods.a */ = {isa = PBXFileReference; explicitFileType = archive.ar; includeInIndex = 0; path = libPods.a; sourceTree = BUILT_PRODUCTS_DIR; };
		CE149F4253931CE15894E2BB /* libPods-NOCircleSelectorTests.a */ = {isa = PBXFileReference; explicitFileType = archive.ar; includeInIndex = 0; path = "libPods-NOCircleSelectorTests.a"; sourceTree = BUILT_PRODUCTS_DIR; };
		D5CB17E1B6D8AF53194BD921 /* Pods-NOCircleSelectorTests.release.xcconfig */ = {isa = PBXFileReference; includeInIndex = 1; lastKnownFileType = text.xcconfig; name = "Pods-NOCircleSelectorTests.release.xcconfig"; path = "Pods/Target Support Files/Pods-NOCircleSelectorTests/Pods-NOCircleSelectorTests.release.xcconfig"; sourceTree = "<group>"; };
		EF1D719BF997B11C3C9116F3 /* Pods.debug.xcconfig */ = {isa = PBXFileReference; includeInIndex = 1; lastKnownFileType = text.xcconfig; name = Pods.debug.xcconfig; path = "Pods/Target Support Files/Pods/Pods.debug.xcconfig"; sourceTree = "<group>"; };
/* End PBXFileReference section */

/* Begin PBXFrameworksBuildPhase section */
		6463BB3219DAD8A50000C235 /* Frameworks */ = {
			isa = PBXFrameworksBuildPhase;
			buildActionMask = 2147483647;
			files = (
				64C3C66319E404FB00BD5AA4 /* QuartzCore.framework in Frameworks */,
				91F612FB6AB28DD22CF8B016 /* libPods.a in Frameworks */,
			);
			runOnlyForDeploymentPostprocessing = 0;
		};
		6463BB4B19DAD8A50000C235 /* Frameworks */ = {
			isa = PBXFrameworksBuildPhase;
			buildActionMask = 2147483647;
			files = (
				D604751F2654B79E6B46FCBF /* libPods-NOCircleSelectorTests.a in Frameworks */,
			);
			runOnlyForDeploymentPostprocessing = 0;
		};
/* End PBXFrameworksBuildPhase section */

/* Begin PBXGroup section */
		6463BB2C19DAD8A50000C235 = {
			isa = PBXGroup;
			children = (
				6463BB3719DAD8A50000C235 /* NOCircleSelector */,
				6463BB5119DAD8A50000C235 /* NOCircleSelectorTests */,
				6463BB3619DAD8A50000C235 /* Products */,
				EFD2E306459871832A14F872 /* Pods */,
				FC9F144833F4989D926EB0BE /* Frameworks */,
			);
			sourceTree = "<group>";
		};
		6463BB3619DAD8A50000C235 /* Products */ = {
			isa = PBXGroup;
			children = (
				6463BB3519DAD8A50000C235 /* NOCircleSelector.app */,
				6463BB4E19DAD8A50000C235 /* NOCircleSelectorTests.xctest */,
			);
			name = Products;
			sourceTree = "<group>";
		};
		6463BB3719DAD8A50000C235 /* NOCircleSelector */ = {
			isa = PBXGroup;
			children = (
				6463BB6C19DAD9C10000C235 /* NOSELAppDelegate.h */,
				6463BB6D19DAD9C10000C235 /* NOSELAppDelegate.m */,
				6463BB7319DADB2F0000C235 /* NOCircleSelector */,
				64EB08A81A9B6CD6003BB8D6 /* Easy example */,
				6463BB5F19DAD8C30000C235 /* Advanced example */,
				64C3C66419E4175D00BD5AA4 /* Frameworks */,
				6463BB5E19DAD8B80000C235 /* Resources */,
				6463BB3819DAD8A50000C235 /* Supporting Files */,
			);
			path = NOCircleSelector;
			sourceTree = "<group>";
		};
		6463BB3819DAD8A50000C235 /* Supporting Files */ = {
			isa = PBXGroup;
			children = (
				6463BB6019DAD9570000C235 /* Info.plist */,
				6463BB6219DAD9600000C235 /* main.m */,
			);
			name = "Supporting Files";
			sourceTree = "<group>";
		};
		6463BB5119DAD8A50000C235 /* NOCircleSelectorTests */ = {
			isa = PBXGroup;
			children = (
				6463BB5419DAD8A50000C235 /* NOCircleSelectorTests.m */,
				6463BB5219DAD8A50000C235 /* Supporting Files */,
			);
			path = NOCircleSelectorTests;
			sourceTree = "<group>";
		};
		6463BB5219DAD8A50000C235 /* Supporting Files */ = {
			isa = PBXGroup;
			children = (
				6463BB5319DAD8A50000C235 /* Info.plist */,
			);
			name = "Supporting Files";
			sourceTree = "<group>";
		};
		6463BB5E19DAD8B80000C235 /* Resources */ = {
			isa = PBXGroup;
			children = (
				6463BB6619DAD99B0000C235 /* LaunchScreen.xib */,
				6463BB6419DAD9770000C235 /* Images.xcassets */,
			);
			name = Resources;
			sourceTree = "<group>";
		};
		6463BB5F19DAD8C30000C235 /* Advanced example */ = {
			isa = PBXGroup;
			children = (
				6463BB6F19DADA4A0000C235 /* Views */,
				64C3C66519E4A2B400BD5AA4 /* NOSELAdvancedExampleViewController.h */,
				64C3C66619E4A2B400BD5AA4 /* NOSELAdvancedExampleViewController.m */,
			);
			name = "Advanced example";
			sourceTree = "<group>";
		};
		6463BB6F19DADA4A0000C235 /* Views */ = {
			isa = PBXGroup;
			children = (
				64C3C66819E4A31F00BD5AA4 /* NOSELAdvancedExampleView.h */,
				64C3C66919E4A31F00BD5AA4 /* NOSELAdvancedExampleView.m */,
				641FEF0B19EBC42C00DDDFCF /* NOSELExampleCircleDot.h */,
				641FEF0C19EBC42C00DDDFCF /* NOSELExampleCircleDot.m */,
			);
			name = Views;
			sourceTree = "<group>";
		};
		6463BB7319DADB2F0000C235 /* NOCircleSelector */ = {
			isa = PBXGroup;
			children = (
				6463BB7419DADBC60000C235 /* NOSELCircleSelector.h */,
				6463BB7519DADBC60000C235 /* NOSELCircleSelector.m */,
				643EB78819DBE31400D65CC3 /* NOSELCircleDot.h */,
				643EB78919DBE31400D65CC3 /* NOSELCircleDot.m */,
				643EB78F19DD4AD500D65CC3 /* NOSELCircleDotConnection.h */,
				643EB79019DD4AD500D65CC3 /* NOSELCircleDotConnection.m */,
				64027E6E1A84F9E100191956 /* NOSELMath.h */,
				64027E6F1A84F9E100191956 /* NOSELMath.m */,
			);
			name = NOCircleSelector;
			sourceTree = "<group>";
		};
		64C3C66419E4175D00BD5AA4 /* Frameworks */ = {
			isa = PBXGroup;
			children = (
				64C3C66219E404FB00BD5AA4 /* QuartzCore.framework */,
			);
			name = Frameworks;
			sourceTree = "<group>";
		};
		64EB08A81A9B6CD6003BB8D6 /* Easy example */ = {
			isa = PBXGroup;
			children = (
				64EB08A91A9B6CE3003BB8D6 /* Views */,
				6463BB6919DAD9B50000C235 /* NOSELExampleViewController.h */,
				6463BB6A19DAD9B50000C235 /* NOSELExampleViewController.m */,
			);
			name = "Easy example";
			sourceTree = "<group>";
		};
		64EB08A91A9B6CE3003BB8D6 /* Views */ = {
			isa = PBXGroup;
			children = (
				6463BB7019DADA620000C235 /* NOSELExampleView.h */,
				6463BB7119DADA620000C235 /* NOSELExampleView.m */,
			);
			name = Views;
			sourceTree = "<group>";
		};
		EFD2E306459871832A14F872 /* Pods */ = {
			isa = PBXGroup;
			children = (
				EF1D719BF997B11C3C9116F3 /* Pods.debug.xcconfig */,
				083094847B1656A187122AC4 /* Pods.release.xcconfig */,
				AC3FC309873E46BF9D72DCD9 /* Pods-NOCircleSelectorTests.debug.xcconfig */,
				D5CB17E1B6D8AF53194BD921 /* Pods-NOCircleSelectorTests.release.xcconfig */,
			);
			name = Pods;
			sourceTree = "<group>";
		};
		FC9F144833F4989D926EB0BE /* Frameworks */ = {
			isa = PBXGroup;
			children = (
				AF75139B998A2A9AF3332F74 /* libPods.a */,
				CE149F4253931CE15894E2BB /* libPods-NOCircleSelectorTests.a */,
			);
			name = Frameworks;
			sourceTree = "<group>";
		};
/* End PBXGroup section */

/* Begin PBXNativeTarget section */
		6463BB3419DAD8A50000C235 /* NOCircleSelector */ = {
			isa = PBXNativeTarget;
			buildConfigurationList = 6463BB5819DAD8A50000C235 /* Build configuration list for PBXNativeTarget "NOCircleSelector" */;
			buildPhases = (
				7596BB6702111578F9E25C34 /* Check Pods Manifest.lock */,
				6463BB3119DAD8A50000C235 /* Sources */,
				6463BB3219DAD8A50000C235 /* Frameworks */,
				6463BB3319DAD8A50000C235 /* Resources */,
				OBJCLEANCUSTOMRUNSCRIPTT /* Objective-Clean Run Script */,
				C6FB2BEC66045F9060E9426A /* Copy Pods Resources */,
			);
			buildRules = (
			);
			dependencies = (
			);
			name = NOCircleSelector;
			productName = NOCircleSelector;
			productReference = 6463BB3519DAD8A50000C235 /* NOCircleSelector.app */;
			productType = "com.apple.product-type.application";
		};
		6463BB4D19DAD8A50000C235 /* NOCircleSelectorTests */ = {
			isa = PBXNativeTarget;
			buildConfigurationList = 6463BB5B19DAD8A50000C235 /* Build configuration list for PBXNativeTarget "NOCircleSelectorTests" */;
			buildPhases = (
				1045C5A02D75D9B9D2490233 /* Check Pods Manifest.lock */,
				6463BB4A19DAD8A50000C235 /* Sources */,
				6463BB4B19DAD8A50000C235 /* Frameworks */,
				6463BB4C19DAD8A50000C235 /* Resources */,
				A3D4386BE3EA685510D49ECF /* Copy Pods Resources */,
			);
			buildRules = (
			);
			dependencies = (
				6463BB5019DAD8A50000C235 /* PBXTargetDependency */,
			);
			name = NOCircleSelectorTests;
			productName = NOCircleSelectorTests;
			productReference = 6463BB4E19DAD8A50000C235 /* NOCircleSelectorTests.xctest */;
			productType = "com.apple.product-type.bundle.unit-test";
		};
/* End PBXNativeTarget section */

/* Begin PBXProject section */
		6463BB2D19DAD8A50000C235 /* Project object */ = {
			isa = PBXProject;
			attributes = {
				CLASSPREFIX = NOSEL;
				LastUpgradeCheck = 0700;
				ORGANIZATIONNAME = iOskApps;
				TargetAttributes = {
					6463BB3419DAD8A50000C235 = {
						CreatedOnToolsVersion = 6.0.1;
					};
					6463BB4D19DAD8A50000C235 = {
						CreatedOnToolsVersion = 6.0.1;
						TestTargetID = 6463BB3419DAD8A50000C235;
					};
				};
			};
			buildConfigurationList = 6463BB3019DAD8A50000C235 /* Build configuration list for PBXProject "NOCircleSelector" */;
			compatibilityVersion = "Xcode 3.2";
			developmentRegion = English;
			hasScannedForEncodings = 0;
			knownRegions = (
				en,
				Base,
			);
			mainGroup = 6463BB2C19DAD8A50000C235;
			productRefGroup = 6463BB3619DAD8A50000C235 /* Products */;
			projectDirPath = "";
			projectRoot = "";
			targets = (
				6463BB3419DAD8A50000C235 /* NOCircleSelector */,
				6463BB4D19DAD8A50000C235 /* NOCircleSelectorTests */,
			);
		};
/* End PBXProject section */

/* Begin PBXResourcesBuildPhase section */
		6463BB3319DAD8A50000C235 /* Resources */ = {
			isa = PBXResourcesBuildPhase;
			buildActionMask = 2147483647;
			files = (
				6463BB6519DAD9770000C235 /* Images.xcassets in Resources */,
				6463BB6819DAD99B0000C235 /* LaunchScreen.xib in Resources */,
			);
			runOnlyForDeploymentPostprocessing = 0;
		};
		6463BB4C19DAD8A50000C235 /* Resources */ = {
			isa = PBXResourcesBuildPhase;
			buildActionMask = 2147483647;
			files = (
			);
			runOnlyForDeploymentPostprocessing = 0;
		};
/* End PBXResourcesBuildPhase section */

/* Begin PBXShellScriptBuildPhase section */
		1045C5A02D75D9B9D2490233 /* Check Pods Manifest.lock */ = {
			isa = PBXShellScriptBuildPhase;
			buildActionMask = 2147483647;
			files = (
			);
			inputPaths = (
			);
			name = "Check Pods Manifest.lock";
			outputPaths = (
			);
			runOnlyForDeploymentPostprocessing = 0;
			shellPath = /bin/sh;
			shellScript = "diff \"${PODS_ROOT}/../Podfile.lock\" \"${PODS_ROOT}/Manifest.lock\" > /dev/null\nif [[ $? != 0 ]] ; then\n    cat << EOM\nerror: The sandbox is not in sync with the Podfile.lock. Run 'pod install' or update your CocoaPods installation.\nEOM\n    exit 1\nfi\n";
			showEnvVarsInLog = 0;
		};
		7596BB6702111578F9E25C34 /* Check Pods Manifest.lock */ = {
			isa = PBXShellScriptBuildPhase;
			buildActionMask = 2147483647;
			files = (
			);
			inputPaths = (
			);
			name = "Check Pods Manifest.lock";
			outputPaths = (
			);
			runOnlyForDeploymentPostprocessing = 0;
			shellPath = /bin/sh;
			shellScript = "diff \"${PODS_ROOT}/../Podfile.lock\" \"${PODS_ROOT}/Manifest.lock\" > /dev/null\nif [[ $? != 0 ]] ; then\n    cat << EOM\nerror: The sandbox is not in sync with the Podfile.lock. Run 'pod install' or update your CocoaPods installation.\nEOM\n    exit 1\nfi\n";
			showEnvVarsInLog = 0;
		};
		A3D4386BE3EA685510D49ECF /* Copy Pods Resources */ = {
			isa = PBXShellScriptBuildPhase;
			buildActionMask = 2147483647;
			files = (
			);
			inputPaths = (
			);
			name = "Copy Pods Resources";
			outputPaths = (
			);
			runOnlyForDeploymentPostprocessing = 0;
			shellPath = /bin/sh;
			shellScript = "\"${SRCROOT}/Pods/Target Support Files/Pods-NOCircleSelectorTests/Pods-NOCircleSelectorTests-resources.sh\"\n";
			showEnvVarsInLog = 0;
		};
		C6FB2BEC66045F9060E9426A /* Copy Pods Resources */ = {
			isa = PBXShellScriptBuildPhase;
			buildActionMask = 2147483647;
			files = (
			);
			inputPaths = (
			);
			name = "Copy Pods Resources";
			outputPaths = (
			);
			runOnlyForDeploymentPostprocessing = 0;
			shellPath = /bin/sh;
			shellScript = "\"${SRCROOT}/Pods/Target Support Files/Pods/Pods-resources.sh\"\n";
			showEnvVarsInLog = 0;
		};
		OBJCLEANCUSTOMRUNSCRIPTT /* Objective-Clean Run Script */ = {
			isa = PBXShellScriptBuildPhase;
			buildActionMask = 2147483647;
			files = (
			);
			inputPaths = (
			);
			name = "Objective-Clean Run Script";
			outputPaths = (
			);
			runOnlyForDeploymentPostprocessing = 0;
			shellPath = /bin/bash;
			shellScript = "if [[ -z ${SKIP_OBJCLEAN} || ${SKIP_OBJCLEAN} != 1 ]]; then\nif [[ -d \"${LOCAL_APPS_DIR}/Objective-Clean.app\" ]]; then \n\"${LOCAL_APPS_DIR}\"/Objective-Clean.app/Contents/Resources/ObjClean.app/Contents/MacOS/ObjClean \"${SRCROOT}\" \nelse\necho \"warning: You have to install and set up Objective-Clean to use its features!\" \nfi\nfi";
		};
/* End PBXShellScriptBuildPhase section */

/* Begin PBXSourcesBuildPhase section */
		6463BB3119DAD8A50000C235 /* Sources */ = {
			isa = PBXSourcesBuildPhase;
			buildActionMask = 2147483647;
			files = (
				643EB78A19DBE31400D65CC3 /* NOSELCircleDot.m in Sources */,
				6463BB7619DADBC60000C235 /* NOSELCircleSelector.m in Sources */,
				643EB79119DD4AD500D65CC3 /* NOSELCircleDotConnection.m in Sources */,
				64C3C66719E4A2B400BD5AA4 /* NOSELAdvancedExampleViewController.m in Sources */,
				6463BB6E19DAD9C10000C235 /* NOSELAppDelegate.m in Sources */,
				64C3C66A19E4A31F00BD5AA4 /* NOSELAdvancedExampleView.m in Sources */,
				6463BB6B19DAD9B50000C235 /* NOSELExampleViewController.m in Sources */,
				6463BB6319DAD9600000C235 /* main.m in Sources */,
				64027E701A84F9E100191956 /* NOSELMath.m in Sources */,
				641FEF0D19EBC42C00DDDFCF /* NOSELExampleCircleDot.m in Sources */,
				6463BB7219DADA620000C235 /* NOSELExampleView.m in Sources */,
			);
			runOnlyForDeploymentPostprocessing = 0;
		};
		6463BB4A19DAD8A50000C235 /* Sources */ = {
			isa = PBXSourcesBuildPhase;
			buildActionMask = 2147483647;
			files = (
				6463BB5519DAD8A50000C235 /* NOCircleSelectorTests.m in Sources */,
			);
			runOnlyForDeploymentPostprocessing = 0;
		};
/* End PBXSourcesBuildPhase section */

/* Begin PBXTargetDependency section */
		6463BB5019DAD8A50000C235 /* PBXTargetDependency */ = {
			isa = PBXTargetDependency;
			target = 6463BB3419DAD8A50000C235 /* NOCircleSelector */;
			targetProxy = 6463BB4F19DAD8A50000C235 /* PBXContainerItemProxy */;
		};
/* End PBXTargetDependency section */

/* Begin PBXVariantGroup section */
		6463BB6619DAD99B0000C235 /* LaunchScreen.xib */ = {
			isa = PBXVariantGroup;
			children = (
				6463BB6719DAD99B0000C235 /* Base */,
			);
			name = LaunchScreen.xib;
			sourceTree = "<group>";
		};
/* End PBXVariantGroup section */

/* Begin XCBuildConfiguration section */
		6463BB5619DAD8A50000C235 /* Debug */ = {
			isa = XCBuildConfiguration;
			buildSettings = {
				ALWAYS_SEARCH_USER_PATHS = NO;
				CLANG_CXX_LANGUAGE_STANDARD = "gnu++0x";
				CLANG_CXX_LIBRARY = "libc++";
				CLANG_ENABLE_MODULES = YES;
				CLANG_ENABLE_OBJC_ARC = YES;
				CLANG_WARN_BOOL_CONVERSION = YES;
				CLANG_WARN_CONSTANT_CONVERSION = YES;
				CLANG_WARN_DIRECT_OBJC_ISA_USAGE = YES_ERROR;
				CLANG_WARN_EMPTY_BODY = YES;
				CLANG_WARN_ENUM_CONVERSION = YES;
				CLANG_WARN_INT_CONVERSION = YES;
				CLANG_WARN_OBJC_ROOT_CLASS = YES_ERROR;
				CLANG_WARN_UNREACHABLE_CODE = YES;
				CLANG_WARN__DUPLICATE_METHOD_MATCH = YES;
				"CODE_SIGN_IDENTITY[sdk=iphoneos*]" = "iPhone Developer";
				COPY_PHASE_STRIP = NO;
				ENABLE_STRICT_OBJC_MSGSEND = YES;
				ENABLE_TESTABILITY = YES;
				GCC_C_LANGUAGE_STANDARD = gnu99;
				GCC_DYNAMIC_NO_PIC = NO;
				GCC_OPTIMIZATION_LEVEL = 0;
				GCC_PREPROCESSOR_DEFINITIONS = (
					"DEBUG=1",
					"$(inherited)",
				);
				GCC_SYMBOLS_PRIVATE_EXTERN = NO;
				GCC_WARN_64_TO_32_BIT_CONVERSION = YES;
				GCC_WARN_ABOUT_RETURN_TYPE = YES_ERROR;
				GCC_WARN_UNDECLARED_SELECTOR = YES;
				GCC_WARN_UNINITIALIZED_AUTOS = YES_AGGRESSIVE;
				GCC_WARN_UNUSED_FUNCTION = YES;
				GCC_WARN_UNUSED_VARIABLE = YES;
				IPHONEOS_DEPLOYMENT_TARGET = 6.0;
				MTL_ENABLE_DEBUG_INFO = YES;
				ONLY_ACTIVE_ARCH = YES;
				SDKROOT = iphoneos;
				TARGETED_DEVICE_FAMILY = "1,2";
			};
			name = Debug;
		};
		6463BB5719DAD8A50000C235 /* Release */ = {
			isa = XCBuildConfiguration;
			buildSettings = {
				ALWAYS_SEARCH_USER_PATHS = NO;
				CLANG_CXX_LANGUAGE_STANDARD = "gnu++0x";
				CLANG_CXX_LIBRARY = "libc++";
				CLANG_ENABLE_MODULES = YES;
				CLANG_ENABLE_OBJC_ARC = YES;
				CLANG_WARN_BOOL_CONVERSION = YES;
				CLANG_WARN_CONSTANT_CONVERSION = YES;
				CLANG_WARN_DIRECT_OBJC_ISA_USAGE = YES_ERROR;
				CLANG_WARN_EMPTY_BODY = YES;
				CLANG_WARN_ENUM_CONVERSION = YES;
				CLANG_WARN_INT_CONVERSION = YES;
				CLANG_WARN_OBJC_ROOT_CLASS = YES_ERROR;
				CLANG_WARN_UNREACHABLE_CODE = YES;
				CLANG_WARN__DUPLICATE_METHOD_MATCH = YES;
				"CODE_SIGN_IDENTITY[sdk=iphoneos*]" = "iPhone Developer";
				COPY_PHASE_STRIP = YES;
				ENABLE_NS_ASSERTIONS = NO;
				ENABLE_STRICT_OBJC_MSGSEND = YES;
				GCC_C_LANGUAGE_STANDARD = gnu99;
				GCC_WARN_64_TO_32_BIT_CONVERSION = YES;
				GCC_WARN_ABOUT_RETURN_TYPE = YES_ERROR;
				GCC_WARN_UNDECLARED_SELECTOR = YES;
				GCC_WARN_UNINITIALIZED_AUTOS = YES_AGGRESSIVE;
				GCC_WARN_UNUSED_FUNCTION = YES;
				GCC_WARN_UNUSED_VARIABLE = YES;
				IPHONEOS_DEPLOYMENT_TARGET = 6.0;
				MTL_ENABLE_DEBUG_INFO = NO;
				SDKROOT = iphoneos;
				TARGETED_DEVICE_FAMILY = "1,2";
				VALIDATE_PRODUCT = YES;
			};
			name = Release;
		};
		6463BB5919DAD8A50000C235 /* Debug */ = {
			isa = XCBuildConfiguration;
			baseConfigurationReference = EF1D719BF997B11C3C9116F3 /* Pods.debug.xcconfig */;
			buildSettings = {
				ASSETCATALOG_COMPILER_APPICON_NAME = AppIcon;
				ASSETCATALOG_COMPILER_LAUNCHIMAGE_NAME = LaunchImage;
				GCC_TREAT_WARNINGS_AS_ERRORS = YES;
				INFOPLIST_FILE = "$(SRCROOT)/Example/Info.plist";
				IPHONEOS_DEPLOYMENT_TARGET = 6.0;
				LD_RUNPATH_SEARCH_PATHS = "$(inherited) @executable_path/Frameworks";
				PRODUCT_BUNDLE_IDENTIFIER = "com.ioskapps.$(PRODUCT_NAME:rfc1034identifier)";
				PRODUCT_NAME = "$(TARGET_NAME)";
				WARNING_CFLAGS = "-Wfloat-equal";
			};
			name = Debug;
		};
		6463BB5A19DAD8A50000C235 /* Release */ = {
			isa = XCBuildConfiguration;
			baseConfigurationReference = 083094847B1656A187122AC4 /* Pods.release.xcconfig */;
			buildSettings = {
				ASSETCATALOG_COMPILER_APPICON_NAME = AppIcon;
				ASSETCATALOG_COMPILER_LAUNCHIMAGE_NAME = LaunchImage;
				GCC_TREAT_WARNINGS_AS_ERRORS = YES;
				INFOPLIST_FILE = "$(SRCROOT)/Example/Info.plist";
				IPHONEOS_DEPLOYMENT_TARGET = 6.0;
				LD_RUNPATH_SEARCH_PATHS = "$(inherited) @executable_path/Frameworks";
				PRODUCT_BUNDLE_IDENTIFIER = "com.ioskapps.$(PRODUCT_NAME:rfc1034identifier)";
				PRODUCT_NAME = "$(TARGET_NAME)";
				WARNING_CFLAGS = "-Wfloat-equal";
			};
			name = Release;
		};
		6463BB5C19DAD8A50000C235 /* Debug */ = {
			isa = XCBuildConfiguration;
			baseConfigurationReference = AC3FC309873E46BF9D72DCD9 /* Pods-NOCircleSelectorTests.debug.xcconfig */;
			buildSettings = {
				BUNDLE_LOADER = "$(TEST_HOST)";
				FRAMEWORK_SEARCH_PATHS = (
					"$(SDKROOT)/Developer/Library/Frameworks",
					"$(inherited)",
				);
				GCC_PREPROCESSOR_DEFINITIONS = (
					"DEBUG=1",
					"$(inherited)",
				);
				INFOPLIST_FILE = NOCircleSelectorTests/Info.plist;
				LD_RUNPATH_SEARCH_PATHS = "$(inherited) @executable_path/Frameworks @loader_path/Frameworks";
				PRODUCT_BUNDLE_IDENTIFIER = "com.pifpaf.$(PRODUCT_NAME:rfc1034identifier)";
				PRODUCT_NAME = "$(TARGET_NAME)";
				TEST_HOST = "$(BUILT_PRODUCTS_DIR)/NOCircleSelector.app/NOCircleSelector";
			};
			name = Debug;
		};
		6463BB5D19DAD8A50000C235 /* Release */ = {
			isa = XCBuildConfiguration;
			baseConfigurationReference = D5CB17E1B6D8AF53194BD921 /* Pods-NOCircleSelectorTests.release.xcconfig */;
			buildSettings = {
				BUNDLE_LOADER = "$(TEST_HOST)";
				FRAMEWORK_SEARCH_PATHS = (
					"$(SDKROOT)/Developer/Library/Frameworks",
					"$(inherited)",
				);
				INFOPLIST_FILE = NOCircleSelectorTests/Info.plist;
				LD_RUNPATH_SEARCH_PATHS = "$(inherited) @executable_path/Frameworks @loader_path/Frameworks";
				PRODUCT_BUNDLE_IDENTIFIER = "com.pifpaf.$(PRODUCT_NAME:rfc1034identifier)";
				PRODUCT_NAME = "$(TARGET_NAME)";
				TEST_HOST = "$(BUILT_PRODUCTS_DIR)/NOCircleSelector.app/NOCircleSelector";
			};
			name = Release;
		};
/* End XCBuildConfiguration section */

/* Begin XCConfigurationList section */
		6463BB3019DAD8A50000C235 /* Build configuration list for PBXProject "NOCircleSelector" */ = {
			isa = XCConfigurationList;
			buildConfigurations = (
				6463BB5619DAD8A50000C235 /* Debug */,
				6463BB5719DAD8A50000C235 /* Release */,
			);
			defaultConfigurationIsVisible = 0;
			defaultConfigurationName = Release;
		};
		6463BB5819DAD8A50000C235 /* Build configuration list for PBXNativeTarget "NOCircleSelector" */ = {
			isa = XCConfigurationList;
			buildConfigurations = (
				6463BB5919DAD8A50000C235 /* Debug */,
				6463BB5A19DAD8A50000C235 /* Release */,
			);
			defaultConfigurationIsVisible = 0;
			defaultConfigurationName = Release;
		};
		6463BB5B19DAD8A50000C235 /* Build configuration list for PBXNativeTarget "NOCircleSelectorTests" */ = {
			isa = XCConfigurationList;
			buildConfigurations = (
				6463BB5C19DAD8A50000C235 /* Debug */,
				6463BB5D19DAD8A50000C235 /* Release */,
			);
			defaultConfigurationIsVisible = 0;
			defaultConfigurationName = Release;
		};
/* End XCConfigurationList section */
	};
	rootObject = 6463BB2D19DAD8A50000C235 /* Project object */;
}
